{
	"name": "b",
	"requires": true,
	"lockfileVersion": 1,
	"dependencies": {
		"@babel/runtime": {
			"version": "7.10.3",
			"resolved": "https://registry.npm.taobao.org/@babel/runtime/download/@babel/runtime-7.10.3.tgz",
			"integrity": "sha1-Zw0AJlWnw2ZUDGf2/TNCzQlQA2Q=",
			"requires": {
				"regenerator-runtime": "^0.13.4"
			}
		},
		"history": {
			"version": "5.0.0",
			"resolved": "https://registry.npm.taobao.org/history/download/history-5.0.0.tgz?cache=0&sync_timestamp=1591982731777&other_urls=https%3A%2F%2Fregistry.npm.taobao.org%2Fhistory%2Fdownload%2Fhistory-5.0.0.tgz",
			"integrity": "sha1-DKu7bEu/g1rduHT4JZ9tJRAe/Qg=",
			"requires": {
				"@babel/runtime": "^7.7.6"
			}
		},
		"regenerator-runtime": {
			"version": "0.13.5",
			"resolved": "https://registry.npm.taobao.org/regenerator-runtime/download/regenerator-runtime-0.13.5.tgz?cache=0&sync_timestamp=1584052481783&other_urls=https%3A%2F%2Fregistry.npm.taobao.org%2Fregenerator-runtime%2Fdownload%2Fregenerator-runtime-0.13.5.tgz",
			"integrity": "sha1-2Hih0JS0MG0QuQlkhLM+vVXiZpc="
		}
	}
}
