# THIS IS AN AUTOGENERATED FILE. DO NOT EDIT THIS FILE DIRECTLY.
# yarn lockfile v1


brush-base@^4.0.0:
  version "4.0.0"
  resolved "https://registry.npm.taobao.org/brush-base/download/brush-base-4.0.0.tgz#3ad3ad07ccf3ee60c8bdb629799c803a07b8a6d0"
  integrity sha1-OtOtB8zz7mDIvbYpeZyAOge4ptA=
  dependencies:
    syntaxhighlighter-html-renderer "^4.0.0"
    syntaxhighlighter-match "^4.0.0"
    syntaxhighlighter-regex "^4.0.0"

domready@^1.0.5:
  version "1.0.8"
  resolved "https://registry.npm.taobao.org/domready/download/domready-1.0.8.tgz#91f252e597b65af77e745ae24dd0185d5e26d58c"
  integrity sha1-kfJS5Ze2Wvd+dFriTdAYXV4m1Yw=

opts-parser@^4.0.0:
  version "4.0.0"
  resolved "https://registry.npm.taobao.org/opts-parser/download/opts-parser-4.0.0.tgz#3a21819b8194b437c0cfce886cf85cdf386113c1"
  integrity sha1-OiGBm4GUtDfAz86IbPhc3zhhE8E=
  dependencies:
    syntaxhighlighter-regex "^4.0.0"

retabber@^4.0.0:
  version "4.0.0"
  resolved "https://registry.npm.taobao.org/retabber/download/retabber-4.0.0.tgz#92ddca2c7df85edb0337bb33d8b9b745f960fb5f"
  integrity sha1-kt3KLH34XtsDN7sz2Lm3Rflg+18=

syntaxhighlighter-html-renderer@^4.0.0:
  version "4.0.0"
  resolved "https://registry.npm.taobao.org/syntaxhighlighter-html-renderer/download/syntaxhighlighter-html-renderer-4.0.0.tgz#9640c7f77b3ee313e8e31eeccf74e48b8c0124d2"
  integrity sha1-lkDH93s+4xPo4x7sz3Tki4wBJNI=

syntaxhighlighter-match@^4.0.0:
  version "4.0.0"
  resolved "https://registry.npm.taobao.org/syntaxhighlighter-match/download/syntaxhighlighter-match-4.0.0.tgz#2da8515433e328affb4c1cf26d98178ce3d62f04"
  integrity sha1-LahRVDPjKK/7TBzybZgXjOPWLwQ=
  dependencies:
    syntaxhighlighter-regex "^4.0.0"

syntaxhighlighter-regex@^4.0.0:
  version "4.0.0"
  resolved "https://registry.npm.taobao.org/syntaxhighlighter-regex/download/syntaxhighlighter-regex-4.0.0.tgz#4e123a8f57dc38bba7b91cc33101920569dcaf31"
  integrity sha1-ThI6j1fcOLunuRzDMQGSBWncrzE=

syntaxhighlighter@^4.0.1:
  version "4.0.1"
  resolved "https://registry.npm.taobao.org/syntaxhighlighter/download/syntaxhighlighter-4.0.1.tgz#612d55c4f9b991542d3b9abc99a2081c31f29123"
  integrity sha1-YS1VxPm5kVQtO5q8maIIHDHykSM=
  dependencies:
    brush-base "^4.0.0"
    domready "^1.0.5"
    opts-parser "^4.0.0"
    retabber "^4.0.0"
    syntaxhighlighter-html-renderer "^4.0.0"
    syntaxhighlighter-match "^4.0.0"
    syntaxhighlighter-regex "^4.0.0"
    unindenter "^4.0.0"

unindenter@^4.0.0:
  version "4.0.0"
  resolved "https://registry.npm.taobao.org/unindenter/download/unindenter-4.0.0.tgz#5b67e427fd48a6d20fba1c80ed7579e06f15e145"
  integrity sha1-W2fkJ/1IptIPuhyA7XV54G8V4UU=
